// !$*UTF8*$!
{
	archiveVersion = 1;
	classes = {
	};
	objectVersion = 46;
	objects = {

/* Begin PBXBuildFile section */
		4662C9921D23920B0064AD82 /* main.m in Sources */ = {isa = PBXBuildFile; fileRef = 4662C9911D23920B0064AD82 /* main.m */; };
		4662C9951D23920B0064AD82 /* AppDelegate.m in Sources */ = {isa = PBXBuildFile; fileRef = 4662C9941D23920B0064AD82 /* AppDelegate.m */; };
		4662C9981D23920B0064AD82 /* ViewController.m in Sources */ = {isa = PBXBuildFile; fileRef = 4662C9971D23920B0064AD82 /* ViewController.m */; };
		4662C99B1D23920B0064AD82 /* Main.storyboard in Resources */ = {isa = PBXBuildFile; fileRef = 4662C9991D23920B0064AD82 /* Main.storyboard */; };
		4662C99D1D23920B0064AD82 /* Assets.xcassets in Resources */ = {isa = PBXBuildFile; fileRef = 4662C99C1D23920B0064AD82 /* Assets.xcassets */; };
		4662C9A01D23920B0064AD82 /* LaunchScreen.storyboard in Resources */ = {isa = PBXBuildFile; fileRef = 4662C99E1D23920B0064AD82 /* LaunchScreen.storyboard */; };
		4662C9C01D23923C0064AD82 /* ImagePickerController.m in Sources */ = {isa = PBXBuildFile; fileRef = 4662C9A91D23923C0064AD82 /* ImagePickerController.m */; };
		4662C9C11D23923C0064AD82 /* beep.wav in Resources */ = {isa = PBXBuildFile; fileRef = 4662C9AB1D23923C0064AD82 /* beep.wav */; };
		4662C9C41D23923C0064AD82 /* icon_light@2x.png in Resources */ = {isa = PBXBuildFile; fileRef = 4662C9AE1D23923C0064AD82 /* icon_light@2x.png */; };
		4662C9C51D23923C0064AD82 /* icon_light@3x.png in Resources */ = {isa = PBXBuildFile; fileRef = 4662C9AF1D23923C0064AD82 /* icon_light@3x.png */; };
		4662C9C61D23923C0064AD82 /* icon_light_normal@2x.png in Resources */ = {isa = PBXBuildFile; fileRef = 4662C9B01D23923C0064AD82 /* icon_light_normal@2x.png */; };
		4662C9C71D23923C0064AD82 /* icon_light_normal@3x.png in Resources */ = {isa = PBXBuildFile; fileRef = 4662C9B11D23923C0064AD82 /* icon_light_normal@3x.png */; };
		4662C9C81D23923C0064AD82 /* scan_1@2x.png in Resources */ = {isa = PBXBuildFile; fileRef = 4662C9B21D23923C0064AD82 /* scan_1@2x.png */; };
		4662C9C91D23923C0064AD82 /* scan_2@2x.png in Resources */ = {isa = PBXBuildFile; fileRef = 4662C9B31D23923C0064AD82 /* scan_2@2x.png */; };
		4662C9CA1D23923C0064AD82 /* scan_3@2x.png in Resources */ = {isa = PBXBuildFile; fileRef = 4662C9B41D23923C0064AD82 /* scan_3@2x.png */; };
		4662C9CB1D23923C0064AD82 /* scan_4@2x.png in Resources */ = {isa = PBXBuildFile; fileRef = 4662C9B51D23923C0064AD82 /* scan_4@2x.png */; };
		4662C9CC1D23923C0064AD82 /* scan_net@2x.png in Resources */ = {isa = PBXBuildFile; fileRef = 4662C9B61D23923C0064AD82 /* scan_net@2x.png */; };
		4662C9CD1D23923C0064AD82 /* ScanViewController.m in Sources */ = {isa = PBXBuildFile; fileRef = 4662C9B81D23923C0064AD82 /* ScanViewController.m */; };
		4662C9CF1D23923C0064AD82 /* refresh.png in Resources */ = {isa = PBXBuildFile; fileRef = 4662C9BC1D23923C0064AD82 /* refresh.png */; };
		4662C9D01D23923C0064AD82 /* refresh@2x.png in Resources */ = {isa = PBXBuildFile; fileRef = 4662C9BD1D23923C0064AD82 /* refresh@2x.png */; };
		4662C9D11D23923C0064AD82 /* XHFriendlyLoadingView.m in Sources */ = {isa = PBXBuildFile; fileRef = 4662C9BF1D23923C0064AD82 /* XHFriendlyLoadingView.m */; };
/* End PBXBuildFile section */

/* Begin PBXFileReference section */
		4662C98D1D23920B0064AD82 /* LMScanerTest.app */ = {isa = PBXFileReference; explicitFileType = wrapper.application; includeInIndex = 0; path = LMScanerTest.app; sourceTree = BUILT_PRODUCTS_DIR; };
		4662C9911D23920B0064AD82 /* main.m */ = {isa = PBXFileReference; lastKnownFileType = sourcecode.c.objc; path = main.m; sourceTree = "<group>"; };
		4662C9931D23920B0064AD82 /* AppDelegate.h */ = {isa = PBXFileReference; lastKnownFileType = sourcecode.c.h; path = AppDelegate.h; sourceTree = "<group>"; };
		4662C9941D23920B0064AD82 /* AppDelegate.m */ = {isa = PBXFileReference; lastKnownFileType = sourcecode.c.objc; path = AppDelegate.m; sourceTree = "<group>"; };
		4662C9961D23920B0064AD82 /* ViewController.h */ = {isa = PBXFileReference; lastKnownFileType = sourcecode.c.h; path = ViewController.h; sourceTree = "<group>"; };
		4662C9971D23920B0064AD82 /* ViewController.m */ = {isa = PBXFileReference; lastKnownFileType = sourcecode.c.objc; path = ViewController.m; sourceTree = "<group>"; };
		4662C99A1D23920B0064AD82 /* Base */ = {isa = PBXFileReference; lastKnownFileType = file.storyboard; name = Base; path = Base.lproj/Main.storyboard; sourceTree = "<group>"; };
		4662C99C1D23920B0064AD82 /* Assets.xcassets */ = {isa = PBXFileReference; lastKnownFileType = folder.assetcatalog; path = Assets.xcassets; sourceTree = "<group>"; };
		4662C99F1D23920B0064AD82 /* Base */ = {isa = PBXFileReference; lastKnownFileType = file.storyboard; name = Base; path = Base.lproj/LaunchScreen.storyboard; sourceTree = "<group>"; };
		4662C9A11D23920B0064AD82 /* Info.plist */ = {isa = PBXFileReference; lastKnownFileType = text.plist.xml; path = Info.plist; sourceTree = "<group>"; };
		4662C9A81D23923C0064AD82 /* ImagePickerController.h */ = {isa = PBXFileReference; fileEncoding = 4; lastKnownFileType = sourcecode.c.h; path = ImagePickerController.h; sourceTree = "<group>"; };
		4662C9A91D23923C0064AD82 /* ImagePickerController.m */ = {isa = PBXFileReference; fileEncoding = 4; lastKnownFileType = sourcecode.c.objc; path = ImagePickerController.m; sourceTree = "<group>"; };
		4662C9AB1D23923C0064AD82 /* beep.wav */ = {isa = PBXFileReference; lastKnownFileType = audio.wav; path = beep.wav; sourceTree = "<group>"; };
		4662C9AE1D23923C0064AD82 /* icon_light@2x.png */ = {isa = PBXFileReference; lastKnownFileType = image.png; path = "icon_light@2x.png"; sourceTree = "<group>"; };
		4662C9AF1D23923C0064AD82 /* icon_light@3x.png */ = {isa = PBXFileReference; lastKnownFileType = image.png; path = "icon_light@3x.png"; sourceTree = "<group>"; };
		4662C9B01D23923C0064AD82 /* icon_light_normal@2x.png */ = {isa = PBXFileReference; lastKnownFileType = image.png; path = "icon_light_normal@2x.png"; sourceTree = "<group>"; };
		4662C9B11D23923C0064AD82 /* icon_light_normal@3x.png */ = {isa = PBXFileReference; lastKnownFileType = image.png; path = "icon_light_normal@3x.png"; sourceTree = "<group>"; };
		4662C9B21D23923C0064AD82 /* scan_1@2x.png */ = {isa = PBXFileReference; lastKnownFileType = image.png; path = "scan_1@2x.png"; sourceTree = "<group>"; };
		4662C9B31D23923C0064AD82 /* scan_2@2x.png */ = {isa = PBXFileReference; lastKnownFileType = image.png; path = "scan_2@2x.png"; sourceTree = "<group>"; };
		4662C9B41D23923C0064AD82 /* scan_3@2x.png */ = {isa = PBXFileReference; lastKnownFileType = image.png; path = "scan_3@2x.png"; sourceTree = "<group>"; };
		4662C9B51D23923C0064AD82 /* scan_4@2x.png */ = {isa = PBXFileReference; lastKnownFileType = image.png; path = "scan_4@2x.png"; sourceTree = "<group>"; };
		4662C9B61D23923C0064AD82 /* scan_net@2x.png */ = {isa = PBXFileReference; lastKnownFileType = image.png; path = "scan_net@2x.png"; sourceTree = "<group>"; };
		4662C9B71D23923C0064AD82 /* ScanViewController.h */ = {isa = PBXFileReference; fileEncoding = 4; lastKnownFileType = sourcecode.c.h; path = ScanViewController.h; sourceTree = "<group>"; };
		4662C9B81D23923C0064AD82 /* ScanViewController.m */ = {isa = PBXFileReference; fileEncoding = 4; lastKnownFileType = sourcecode.c.objc; path = ScanViewController.m; sourceTree = "<group>"; };
		4662C9BC1D23923C0064AD82 /* refresh.png */ = {isa = PBXFileReference; lastKnownFileType = image.png; path = refresh.png; sourceTree = "<group>"; };
		4662C9BD1D23923C0064AD82 /* refresh@2x.png */ = {isa = PBXFileReference; lastKnownFileType = image.png; path = "refresh@2x.png"; sourceTree = "<group>"; };
		4662C9BE1D23923C0064AD82 /* XHFriendlyLoadingView.h */ = {isa = PBXFileReference; fileEncoding = 4; lastKnownFileType = sourcecode.c.h; path = XHFriendlyLoadingView.h; sourceTree = "<group>"; };
		4662C9BF1D23923C0064AD82 /* XHFriendlyLoadingView.m */ = {isa = PBXFileReference; fileEncoding = 4; lastKnownFileType = sourcecode.c.objc; path = XHFriendlyLoadingView.m; sourceTree = "<group>"; };
/* End PBXFileReference section */

/* Begin PBXFrameworksBuildPhase section */
		4662C98A1D23920B0064AD82 /* Frameworks */ = {
			isa = PBXFrameworksBuildPhase;
			buildActionMask = 2147483647;
			files = (
			);
			runOnlyForDeploymentPostprocessing = 0;
		};
/* End PBXFrameworksBuildPhase section */

/* Begin PBXGroup section */
		4662C9841D23920B0064AD82 = {
			isa = PBXGroup;
			children = (
				4662C98F1D23920B0064AD82 /* LMScanerTest */,
				4662C98E1D23920B0064AD82 /* Products */,
			);
			sourceTree = "<group>";
		};
		4662C98E1D23920B0064AD82 /* Products */ = {
			isa = PBXGroup;
			children = (
				4662C98D1D23920B0064AD82 /* LMScanerTest.app */,
			);
			name = Products;
			sourceTree = "<group>";
		};
		4662C98F1D23920B0064AD82 /* LMScanerTest */ = {
			isa = PBXGroup;
			children = (
				4662C9A71D23923C0064AD82 /* LMScaner */,
				4662C9931D23920B0064AD82 /* AppDelegate.h */,
				4662C9941D23920B0064AD82 /* AppDelegate.m */,
				4662C9961D23920B0064AD82 /* ViewController.h */,
				4662C9971D23920B0064AD82 /* ViewController.m */,
				4662C9991D23920B0064AD82 /* Main.storyboard */,
				4662C99C1D23920B0064AD82 /* Assets.xcassets */,
				4662C99E1D23920B0064AD82 /* LaunchScreen.storyboard */,
				4662C9A11D23920B0064AD82 /* Info.plist */,
				4662C9901D23920B0064AD82 /* Supporting Files */,
			);
			path = LMScanerTest;
			sourceTree = "<group>";
		};
		4662C9901D23920B0064AD82 /* Supporting Files */ = {
			isa = PBXGroup;
			children = (
				4662C9911D23920B0064AD82 /* main.m */,
			);
			name = "Supporting Files";
			sourceTree = "<group>";
		};
		4662C9A71D23923C0064AD82 /* LMScaner */ = {
			isa = PBXGroup;
			children = (
				4662C9A81D23923C0064AD82 /* ImagePickerController.h */,
				4662C9A91D23923C0064AD82 /* ImagePickerController.m */,
				4662C9AA1D23923C0064AD82 /* Resources */,
				4662C9B71D23923C0064AD82 /* ScanViewController.h */,
				4662C9B81D23923C0064AD82 /* ScanViewController.m */,
				4662C9BA1D23923C0064AD82 /* XHFriendlyLoadingView */,
			);
			path = LMScaner;
			sourceTree = "<group>";
		};
		4662C9AA1D23923C0064AD82 /* Resources */ = {
			isa = PBXGroup;
			children = (
				4662C9AB1D23923C0064AD82 /* beep.wav */,
				4662C9AE1D23923C0064AD82 /* icon_light@2x.png */,
				4662C9AF1D23923C0064AD82 /* icon_light@3x.png */,
				4662C9B01D23923C0064AD82 /* icon_light_normal@2x.png */,
				4662C9B11D23923C0064AD82 /* icon_light_normal@3x.png */,
				4662C9B21D23923C0064AD82 /* scan_1@2x.png */,
				4662C9B31D23923C0064AD82 /* scan_2@2x.png */,
				4662C9B41D23923C0064AD82 /* scan_3@2x.png */,
				4662C9B51D23923C0064AD82 /* scan_4@2x.png */,
				4662C9B61D23923C0064AD82 /* scan_net@2x.png */,
			);
			path = Resources;
			sourceTree = "<group>";
		};
		4662C9BA1D23923C0064AD82 /* XHFriendlyLoadingView */ = {
			isa = PBXGroup;
			children = (
				4662C9BB1D23923C0064AD82 /* Resources */,
				4662C9BE1D23923C0064AD82 /* XHFriendlyLoadingView.h */,
				4662C9BF1D23923C0064AD82 /* XHFriendlyLoadingView.m */,
			);
			path = XHFriendlyLoadingView;
			sourceTree = "<group>";
		};
		4662C9BB1D23923C0064AD82 /* Resources */ = {
			isa = PBXGroup;
			children = (
				4662C9BC1D23923C0064AD82 /* refresh.png */,
				4662C9BD1D23923C0064AD82 /* refresh@2x.png */,
			);
			path = Resources;
			sourceTree = "<group>";
		};
/* End PBXGroup section */

/* Begin PBXNativeTarget section */
		4662C98C1D23920B0064AD82 /* LMScanerTest */ = {
			isa = PBXNativeTarget;
			buildConfigurationList = 4662C9A41D23920B0064AD82 /* Build configuration list for PBXNativeTarget "LMScanerTest" */;
			buildPhases = (
				4662C9891D23920B0064AD82 /* Sources */,
				4662C98A1D23920B0064AD82 /* Frameworks */,
				4662C98B1D23920B0064AD82 /* Resources */,
			);
			buildRules = (
			);
			dependencies = (
			);
			name = LMScanerTest;
			productName = LMScanerTest;
			productReference = 4662C98D1D23920B0064AD82 /* LMScanerTest.app */;
			productType = "com.apple.product-type.application";
		};
/* End PBXNativeTarget section */

/* Begin PBXProject section */
		4662C9851D23920B0064AD82 /* Project object */ = {
			isa = PBXProject;
			attributes = {
				LastUpgradeCheck = 0730;
				ORGANIZATIONNAME = "高翔";
				TargetAttributes = {
					4662C98C1D23920B0064AD82 = {
						CreatedOnToolsVersion = 7.3;
						DevelopmentTeam = 9479286Y6M;
					};
				};
			};
			buildConfigurationList = 4662C9881D23920B0064AD82 /* Build configuration list for PBXProject "LMScanerTest" */;
			compatibilityVersion = "Xcode 3.2";
			developmentRegion = English;
			hasScannedForEncodings = 0;
			knownRegions = (
				en,
				Base,
			);
			mainGroup = 4662C9841D23920B0064AD82;
			productRefGroup = 4662C98E1D23920B0064AD82 /* Products */;
			projectDirPath = "";
			projectRoot = "";
			targets = (
				4662C98C1D23920B0064AD82 /* LMScanerTest */,
			);
		};
/* End PBXProject section */

/* Begin PBXResourcesBuildPhase section */
		4662C98B1D23920B0064AD82 /* Resources */ = {
			isa = PBXResourcesBuildPhase;
			buildActionMask = 2147483647;
			files = (
				4662C9CC1D23923C0064AD82 /* scan_net@2x.png in Resources */,
				4662C9C11D23923C0064AD82 /* beep.wav in Resources */,
				4662C9D01D23923C0064AD82 /* refresh@2x.png in Resources */,
				4662C9A01D23920B0064AD82 /* LaunchScreen.storyboard in Resources */,
				4662C9C71D23923C0064AD82 /* icon_light_normal@3x.png in Resources */,
				4662C99D1D23920B0064AD82 /* Assets.xcassets in Resources */,
				4662C9C41D23923C0064AD82 /* icon_light@2x.png in Resources */,
				4662C9CA1D23923C0064AD82 /* scan_3@2x.png in Resources */,
				4662C99B1D23920B0064AD82 /* Main.storyboard in Resources */,
				4662C9C91D23923C0064AD82 /* scan_2@2x.png in Resources */,
				4662C9CF1D23923C0064AD82 /* refresh.png in Resources */,
				4662C9C51D23923C0064AD82 /* icon_light@3x.png in Resources */,
				4662C9C61D23923C0064AD82 /* icon_light_normal@2x.png in Resources */,
				4662C9CB1D23923C0064AD82 /* scan_4@2x.png in Resources */,
				4662C9C81D23923C0064AD82 /* scan_1@2x.png in Resources */,
			);
			runOnlyForDeploymentPostprocessing = 0;
		};
/* End PBXResourcesBuildPhase section */

/* Begin PBXSourcesBuildPhase section */
		4662C9891D23920B0064AD82 /* Sources */ = {
			isa = PBXSourcesBuildPhase;
			buildActionMask = 2147483647;
			files = (
				4662C9D11D23923C0064AD82 /* XHFriendlyLoadingView.m in Sources */,
				4662C9981D23920B0064AD82 /* ViewController.m in Sources */,
				4662C9CD1D23923C0064AD82 /* ScanViewController.m in Sources */,
				4662C9951D23920B0064AD82 /* AppDelegate.m in Sources */,
				4662C9921D23920B0064AD82 /* main.m in Sources */,
				4662C9C01D23923C0064AD82 /* ImagePickerController.m in Sources */,
			);
			runOnlyForDeploymentPostprocessing = 0;
		};
/* End PBXSourcesBuildPhase section */

/* Begin PBXVariantGroup section */
		4662C9991D23920B0064AD82 /* Main.storyboard */ = {
			isa = PBXVariantGroup;
			children = (
				4662C99A1D23920B0064AD82 /* Base */,
			);
			name = Main.storyboard;
			sourceTree = "<group>";
		};
		4662C99E1D23920B0064AD82 /* LaunchScreen.storyboard */ = {
			isa = PBXVariantGroup;
			children = (
				4662C99F1D23920B0064AD82 /* Base */,
			);
			name = LaunchScreen.storyboard;
			sourceTree = "<group>";
		};
/* End PBXVariantGroup section */

/* Begin XCBuildConfiguration section */
		4662C9A21D23920B0064AD82 /* Debug */ = {
			isa = XCBuildConfiguration;
			buildSettings = {
				ALWAYS_SEARCH_USER_PATHS = NO;
				CLANG_ANALYZER_NONNULL = YES;
				CLANG_CXX_LANGUAGE_STANDARD = "gnu++0x";
				CLANG_CXX_LIBRARY = "libc++";
				CLANG_ENABLE_MODULES = YES;
				CLANG_ENABLE_OBJC_ARC = YES;
				CLANG_WARN_BOOL_CONVERSION = YES;
				CLANG_WARN_CONSTANT_CONVERSION = YES;
				CLANG_WARN_DIRECT_OBJC_ISA_USAGE = YES_ERROR;
				CLANG_WARN_EMPTY_BODY = YES;
				CLANG_WARN_ENUM_CONVERSION = YES;
				CLANG_WARN_INT_CONVERSION = YES;
				CLANG_WARN_OBJC_ROOT_CLASS = YES_ERROR;
				CLANG_WARN_UNREACHABLE_CODE = YES;
				CLANG_WARN__DUPLICATE_METHOD_MATCH = YES;
				"CODE_SIGN_IDENTITY[sdk=iphoneos*]" = "iPhone Developer";
				COPY_PHASE_STRIP = NO;
				DEBUG_INFORMATION_FORMAT = dwarf;
				ENABLE_STRICT_OBJC_MSGSEND = YES;
				ENABLE_TESTABILITY = YES;
				GCC_C_LANGUAGE_STANDARD = gnu99;
				GCC_DYNAMIC_NO_PIC = NO;
				GCC_NO_COMMON_BLOCKS = YES;
				GCC_OPTIMIZATION_LEVEL = 0;
				GCC_PREPROCESSOR_DEFINITIONS = (
					"DEBUG=1",
					"$(inherited)",
				);
				GCC_WARN_64_TO_32_BIT_CONVERSION = YES;
				GCC_WARN_ABOUT_RETURN_TYPE = YES_ERROR;
				GCC_WARN_UNDECLARED_SELECTOR = YES;
				GCC_WARN_UNINITIALIZED_AUTOS = YES_AGGRESSIVE;
				GCC_WARN_UNUSED_FUNCTION = YES;
				GCC_WARN_UNUSED_VARIABLE = YES;
				IPHONEOS_DEPLOYMENT_TARGET = 9.3;
				MTL_ENABLE_DEBUG_INFO = YES;
				ONLY_ACTIVE_ARCH = YES;
				SDKROOT = iphoneos;
				TARGETED_DEVICE_FAMILY = "1,2";
			};
			name = Debug;
		};
		4662C9A31D23920B0064AD82 /* Release */ = {
			isa = XCBuildConfiguration;
			buildSettings = {
				ALWAYS_SEARCH_USER_PATHS = NO;
				CLANG_ANALYZER_NONNULL = YES;
				CLANG_CXX_LANGUAGE_STANDARD = "gnu++0x";
				CLANG_CXX_LIBRARY = "libc++";
				CLANG_ENABLE_MODULES = YES;
				CLANG_ENABLE_OBJC_ARC = YES;
				CLANG_WARN_BOOL_CONVERSION = YES;
				CLANG_WARN_CONSTANT_CONVERSION = YES;
				CLANG_WARN_DIRECT_OBJC_ISA_USAGE = YES_ERROR;
				CLANG_WARN_EMPTY_BODY = YES;
				CLANG_WARN_ENUM_CONVERSION = YES;
				CLANG_WARN_INT_CONVERSION = YES;
				CLANG_WARN_OBJC_ROOT_CLASS = YES_ERROR;
				CLANG_WARN_UNREACHABLE_CODE = YES;
				CLANG_WARN__DUPLICATE_METHOD_MATCH = YES;
				"CODE_SIGN_IDENTITY[sdk=iphoneos*]" = "iPhone Developer";
				COPY_PHASE_STRIP = NO;
				DEBUG_INFORMATION_FORMAT = "dwarf-with-dsym";
				ENABLE_NS_ASSERTIONS = NO;
				ENABLE_STRICT_OBJC_MSGSEND = YES;
				GCC_C_LANGUAGE_STANDARD = gnu99;
				GCC_NO_COMMON_BLOCKS = YES;
				GCC_WARN_64_TO_32_BIT_CONVERSION = YES;
				GCC_WARN_ABOUT_RETURN_TYPE = YES_ERROR;
				GCC_WARN_UNDECLARED_SELECTOR = YES;
				GCC_WARN_UNINITIALIZED_AUTOS = YES_AGGRESSIVE;
				GCC_WARN_UNUSED_FUNCTION = YES;
				GCC_WARN_UNUSED_VARIABLE = YES;
				IPHONEOS_DEPLOYMENT_TARGET = 9.3;
				MTL_ENABLE_DEBUG_INFO = NO;
				SDKROOT = iphoneos;
				TARGETED_DEVICE_FAMILY = "1,2";
				VALIDATE_PRODUCT = YES;
			};
			name = Release;
		};
		4662C9A51D23920B0064AD82 /* Debug */ = {
			isa = XCBuildConfiguration;
			buildSettings = {
				ASSETCATALOG_COMPILER_APPICON_NAME = AppIcon;
				CODE_SIGN_IDENTITY = "iPhone Developer: ailing xing (2ABJCUADFU)";
				INFOPLIST_FILE = LMScanerTest/Info.plist;
				LD_RUNPATH_SEARCH_PATHS = "$(inherited) @executable_path/Frameworks";
				PRODUCT_BUNDLE_IDENTIFIER = com.visionet.LMScanerTest;
				PRODUCT_NAME = "$(TARGET_NAME)";
				PROVISIONING_PROFILE = "ef0298a4-7f49-4b21-b652-7a1ec3640370";
			};
			name = Debug;
		};
		4662C9A61D23920B0064AD82 /* Release */ = {
			isa = XCBuildConfiguration;
			buildSettings = {
				ASSETCATALOG_COMPILER_APPICON_NAME = AppIcon;
				CODE_SIGN_IDENTITY = "iPhone Developer: ailing xing (2ABJCUADFU)";
				INFOPLIST_FILE = LMScanerTest/Info.plist;
				LD_RUNPATH_SEARCH_PATHS = "$(inherited) @executable_path/Frameworks";
				PRODUCT_BUNDLE_IDENTIFIER = com.visionet.LMScanerTest;
				PRODUCT_NAME = "$(TARGET_NAME)";
				PROVISIONING_PROFILE = "ef0298a4-7f49-4b21-b652-7a1ec3640370";
			};
			name = Release;
		};
/* End XCBuildConfiguration section */

/* Begin XCConfigurationList section */
		4662C9881D23920B0064AD82 /* Build configuration list for PBXProject "LMScanerTest" */ = {
			isa = XCConfigurationList;
			buildConfigurations = (
				4662C9A21D23920B0064AD82 /* Debug */,
				4662C9A31D23920B0064AD82 /* Release */,
			);
			defaultConfigurationIsVisible = 0;
			defaultConfigurationName = Release;
		};
		4662C9A41D23920B0064AD82 /* Build configuration list for PBXNativeTarget "LMScanerTest" */ = {
			isa = XCConfigurationList;
			buildConfigurations = (
				4662C9A51D23920B0064AD82 /* Debug */,
				4662C9A61D23920B0064AD82 /* Release */,
			);
			defaultConfigurationIsVisible = 0;
			defaultConfigurationName = Release;
		};
/* End XCConfigurationList section */
	};
	rootObject = 4662C9851D23920B0064AD82 /* Project object */;
}
